// !$*UTF8*$!
{
	archiveVersion = 1;
	classes = {
	};
	objectVersion = 50;
	objects = {

/* Begin PBXBuildFile section */
		3B4EE5DF256143490083798D /* AppDelegate.swift in Sources */ = {isa = PBXBuildFile; fileRef = 3B4EE5DE256143490083798D /* AppDelegate.swift */; };
		3B4EE5E1256143490083798D /* SceneDelegate.swift in Sources */ = {isa = PBXBuildFile; fileRef = 3B4EE5E0256143490083798D /* SceneDelegate.swift */; };
		3B4EE5E3256143490083798D /* AddressViewController.swift in Sources */ = {isa = PBXBuildFile; fileRef = 3B4EE5E2256143490083798D /* AddressViewController.swift */; };
		3B4EE5E6256143490083798D /* Main.storyboard in Resources */ = {isa = PBXBuildFile; fileRef = 3B4EE5E4256143490083798D /* Main.storyboard */; };
		3B4EE5E82561434B0083798D /* Assets.xcassets in Resources */ = {isa = PBXBuildFile; fileRef = 3B4EE5E72561434B0083798D /* Assets.xcassets */; };
		3B4EE5EB2561434B0083798D /* LaunchScreen.storyboard in Resources */ = {isa = PBXBuildFile; fileRef = 3B4EE5E92561434B0083798D /* LaunchScreen.storyboard */; };
		3B4EE5F42561478B0083798D /* NetworkAddressManager.swift in Sources */ = {isa = PBXBuildFile; fileRef = 3B4EE5F32561478B0083798D /* NetworkAddressManager.swift */; };
		3B4EE5F8256147C00083798D /* Address.swift in Sources */ = {isa = PBXBuildFile; fileRef = 3B4EE5F7256147C00083798D /* Address.swift */; };
		A6438398B5C567618FCBB6C6 /* Pods_AddressApplication.framework in Frameworks */ = {isa = PBXBuildFile; fileRef = D3BD10D14E07AE92C9A66E1F /* Pods_AddressApplication.framework */; };
/* End PBXBuildFile section */

/* Begin PBXFileReference section */
		30154C810F9B313FE1526555 /* Pods-AddressApplication.debug.xcconfig */ = {isa = PBXFileReference; includeInIndex = 1; lastKnownFileType = text.xcconfig; name = "Pods-AddressApplication.debug.xcconfig"; path = "Target Support Files/Pods-AddressApplication/Pods-AddressApplication.debug.xcconfig"; sourceTree = "<group>"; };
		3B4EE5DB256143490083798D /* AddressApplication.app */ = {isa = PBXFileReference; explicitFileType = wrapper.application; includeInIndex = 0; path = AddressApplication.app; sourceTree = BUILT_PRODUCTS_DIR; };
		3B4EE5DE256143490083798D /* AppDelegate.swift */ = {isa = PBXFileReference; lastKnownFileType = sourcecode.swift; path = AppDelegate.swift; sourceTree = "<group>"; };
		3B4EE5E0256143490083798D /* SceneDelegate.swift */ = {isa = PBXFileReference; lastKnownFileType = sourcecode.swift; path = SceneDelegate.swift; sourceTree = "<group>"; };
		3B4EE5E2256143490083798D /* AddressViewController.swift */ = {isa = PBXFileReference; lastKnownFileType = sourcecode.swift; path = AddressViewController.swift; sourceTree = "<group>"; };
		3B4EE5E5256143490083798D /* Base */ = {isa = PBXFileReference; lastKnownFileType = file.storyboard; name = Base; path = Base.lproj/Main.storyboard; sourceTree = "<group>"; };
		3B4EE5E72561434B0083798D /* Assets.xcassets */ = {isa = PBXFileReference; lastKnownFileType = folder.assetcatalog; path = Assets.xcassets; sourceTree = "<group>"; };
		3B4EE5EA2561434B0083798D /* Base */ = {isa = PBXFileReference; lastKnownFileType = file.storyboard; name = Base; path = Base.lproj/LaunchScreen.storyboard; sourceTree = "<group>"; };
		3B4EE5EC2561434B0083798D /* Info.plist */ = {isa = PBXFileReference; lastKnownFileType = text.plist.xml; path = Info.plist; sourceTree = "<group>"; };
		3B4EE5F32561478B0083798D /* NetworkAddressManager.swift */ = {isa = PBXFileReference; lastKnownFileType = sourcecode.swift; path = NetworkAddressManager.swift; sourceTree = "<group>"; };
		3B4EE5F7256147C00083798D /* Address.swift */ = {isa = PBXFileReference; lastKnownFileType = sourcecode.swift; path = Address.swift; sourceTree = "<group>"; };
		623C6B4C02F521186D64BFBC /* Pods-AddressApplication.release.xcconfig */ = {isa = PBXFileReference; includeInIndex = 1; lastKnownFileType = text.xcconfig; name = "Pods-AddressApplication.release.xcconfig"; path = "Target Support Files/Pods-AddressApplication/Pods-AddressApplication.release.xcconfig"; sourceTree = "<group>"; };
		D3BD10D14E07AE92C9A66E1F /* Pods_AddressApplication.framework */ = {isa = PBXFileReference; explicitFileType = wrapper.framework; includeInIndex = 0; path = Pods_AddressApplication.framework; sourceTree = BUILT_PRODUCTS_DIR; };
/* End PBXFileReference section */

/* Begin PBXFrameworksBuildPhase section */
		3B4EE5D8256143490083798D /* Frameworks */ = {
			isa = PBXFrameworksBuildPhase;
			buildActionMask = 2147483647;
			files = (
				A6438398B5C567618FCBB6C6 /* Pods_AddressApplication.framework in Frameworks */,
			);
			runOnlyForDeploymentPostprocessing = 0;
		};
/* End PBXFrameworksBuildPhase section */

/* Begin PBXGroup section */
		3B127FE9256162E20051AC3E /* View Controller */ = {
			isa = PBXGroup;
			children = (
				3B4EE5E2256143490083798D /* AddressViewController.swift */,
			);
			path = "View Controller";
			sourceTree = "<group>";
		};
		3B127FEC2561633D0051AC3E /* Model */ = {
			isa = PBXGroup;
			children = (
				3B4EE5F7256147C00083798D /* Address.swift */,
			);
			path = Model;
			sourceTree = "<group>";
		};
		3B127FED256163560051AC3E /* Storyboards */ = {
			isa = PBXGroup;
			children = (
				3B4EE5E4256143490083798D /* Main.storyboard */,
				3B4EE5E92561434B0083798D /* LaunchScreen.storyboard */,
			);
			path = Storyboards;
			sourceTree = "<group>";
		};
		3B127FEE2561636E0051AC3E /* Supporting Files */ = {
			isa = PBXGroup;
			children = (
				3B4EE5DE256143490083798D /* AppDelegate.swift */,
				3B4EE5E0256143490083798D /* SceneDelegate.swift */,
				3B4EE5EC2561434B0083798D /* Info.plist */,
			);
			path = "Supporting Files";
			sourceTree = "<group>";
		};
		3B127FF02561637C0051AC3E /* Resources */ = {
			isa = PBXGroup;
			children = (
				3B4EE5E72561434B0083798D /* Assets.xcassets */,
			);
			path = Resources;
			sourceTree = "<group>";
		};
		3B127FF1256163860051AC3E /* Manager */ = {
			isa = PBXGroup;
			children = (
				3B4EE5F32561478B0083798D /* NetworkAddressManager.swift */,
			);
			path = Manager;
			sourceTree = "<group>";
		};
		3B4EE5D2256143490083798D = {
			isa = PBXGroup;
			children = (
				3B4EE5DD256143490083798D /* AddressApplication */,
				3B4EE5DC256143490083798D /* Products */,
				6A1A63C67F9D439C9F0593CD /* Pods */,
				BB42F341818629ADB3DA7585 /* Frameworks */,
			);
			sourceTree = "<group>";
		};
		3B4EE5DC256143490083798D /* Products */ = {
			isa = PBXGroup;
			children = (
				3B4EE5DB256143490083798D /* AddressApplication.app */,
			);
			name = Products;
			sourceTree = "<group>";
		};
		3B4EE5DD256143490083798D /* AddressApplication */ = {
			isa = PBXGroup;
			children = (
				3B127FEC2561633D0051AC3E /* Model */,
				3B127FE9256162E20051AC3E /* View Controller */,
				3B127FEE2561636E0051AC3E /* Supporting Files */,
				3B127FED256163560051AC3E /* Storyboards */,
				3B127FF02561637C0051AC3E /* Resources */,
				3B127FF1256163860051AC3E /* Manager */,
			);
			path = AddressApplication;
			sourceTree = "<group>";
		};
		6A1A63C67F9D439C9F0593CD /* Pods */ = {
			isa = PBXGroup;
			children = (
				30154C810F9B313FE1526555 /* Pods-AddressApplication.debug.xcconfig */,
				623C6B4C02F521186D64BFBC /* Pods-AddressApplication.release.xcconfig */,
			);
			name = Pods;
			path = Pods;
			sourceTree = "<group>";
		};
		BB42F341818629ADB3DA7585 /* Frameworks */ = {
			isa = PBXGroup;
			children = (
				D3BD10D14E07AE92C9A66E1F /* Pods_AddressApplication.framework */,
			);
			name = Frameworks;
			sourceTree = "<group>";
		};
/* End PBXGroup section */

/* Begin PBXNativeTarget section */
		3B4EE5DA256143490083798D /* AddressApplication */ = {
			isa = PBXNativeTarget;
			buildConfigurationList = 3B4EE5EF2561434B0083798D /* Build configuration list for PBXNativeTarget "AddressApplication" */;
			buildPhases = (
				F082053028D831F18F1BA297 /* [CP] Check Pods Manifest.lock */,
				3B4EE5D7256143490083798D /* Sources */,
				3B4EE5D8256143490083798D /* Frameworks */,
				3B4EE5D9256143490083798D /* Resources */,
				3A842AADF86704A2FAC9B8F0 /* [CP] Embed Pods Frameworks */,
			);
			buildRules = (
			);
			dependencies = (
			);
			name = AddressApplication;
			productName = AddressApplication;
			productReference = 3B4EE5DB256143490083798D /* AddressApplication.app */;
			productType = "com.apple.product-type.application";
		};
/* End PBXNativeTarget section */

/* Begin PBXProject section */
		3B4EE5D3256143490083798D /* Project object */ = {
			isa = PBXProject;
			attributes = {
				LastSwiftUpdateCheck = 1210;
				LastUpgradeCheck = 1210;
				TargetAttributes = {
					3B4EE5DA256143490083798D = {
						CreatedOnToolsVersion = 12.1;
					};
				};
			};
			buildConfigurationList = 3B4EE5D6256143490083798D /* Build configuration list for PBXProject "AddressApplication" */;
			compatibilityVersion = "Xcode 9.3";
			developmentRegion = en;
			hasScannedForEncodings = 0;
			knownRegions = (
				en,
				Base,
			);
			mainGroup = 3B4EE5D2256143490083798D;
			productRefGroup = 3B4EE5DC256143490083798D /* Products */;
			projectDirPath = "";
			projectRoot = "";
			targets = (
				3B4EE5DA256143490083798D /* AddressApplication */,
			);
		};
/* End PBXProject section */

/* Begin PBXResourcesBuildPhase section */
		3B4EE5D9256143490083798D /* Resources */ = {
			isa = PBXResourcesBuildPhase;
			buildActionMask = 2147483647;
			files = (
				3B4EE5EB2561434B0083798D /* LaunchScreen.storyboard in Resources */,
				3B4EE5E82561434B0083798D /* Assets.xcassets in Resources */,
				3B4EE5E6256143490083798D /* Main.storyboard in Resources */,
			);
			runOnlyForDeploymentPostprocessing = 0;
		};
/* End PBXResourcesBuildPhase section */

/* Begin PBXShellScriptBuildPhase section */
		3A842AADF86704A2FAC9B8F0 /* [CP] Embed Pods Frameworks */ = {
			isa = PBXShellScriptBuildPhase;
			buildActionMask = 2147483647;
			files = (
			);
			inputFileListPaths = (
				"${PODS_ROOT}/Target Support Files/Pods-AddressApplication/Pods-AddressApplication-frameworks-${CONFIGURATION}-input-files.xcfilelist",
			);
			name = "[CP] Embed Pods Frameworks";
			outputFileListPaths = (
				"${PODS_ROOT}/Target Support Files/Pods-AddressApplication/Pods-AddressApplication-frameworks-${CONFIGURATION}-output-files.xcfilelist",
			);
			runOnlyForDeploymentPostprocessing = 0;
			shellPath = /bin/sh;
			shellScript = "\"${PODS_ROOT}/Target Support Files/Pods-AddressApplication/Pods-AddressApplication-frameworks.sh\"\n";
			showEnvVarsInLog = 0;
		};
		F082053028D831F18F1BA297 /* [CP] Check Pods Manifest.lock */ = {
			isa = PBXShellScriptBuildPhase;
			buildActionMask = 2147483647;
			files = (
			);
			inputFileListPaths = (
			);
			inputPaths = (
				"${PODS_PODFILE_DIR_PATH}/Podfile.lock",
				"${PODS_ROOT}/Manifest.lock",
			);
			name = "[CP] Check Pods Manifest.lock";
			outputFileListPaths = (
			);
			outputPaths = (
				"$(DERIVED_FILE_DIR)/Pods-AddressApplication-checkManifestLockResult.txt",
			);
			runOnlyForDeploymentPostprocessing = 0;
			shellPath = /bin/sh;
			shellScript = "diff \"${PODS_PODFILE_DIR_PATH}/Podfile.lock\" \"${PODS_ROOT}/Manifest.lock\" > /dev/null\nif [ $? != 0 ] ; then\n    # print error to STDERR\n    echo \"error: The sandbox is not in sync with the Podfile.lock. Run 'pod install' or update your CocoaPods installation.\" >&2\n    exit 1\nfi\n# This output is used by Xcode 'outputs' to avoid re-running this script phase.\necho \"SUCCESS\" > \"${SCRIPT_OUTPUT_FILE_0}\"\n";
			showEnvVarsInLog = 0;
		};
/* End PBXShellScriptBuildPhase section */

/* Begin PBXSourcesBuildPhase section */
		3B4EE5D7256143490083798D /* Sources */ = {
			isa = PBXSourcesBuildPhase;
			buildActionMask = 2147483647;
			files = (
				3B4EE5E3256143490083798D /* AddressViewController.swift in Sources */,
				3B4EE5F42561478B0083798D /* NetworkAddressManager.swift in Sources */,
				3B4EE5DF256143490083798D /* AppDelegate.swift in Sources */,
				3B4EE5E1256143490083798D /* SceneDelegate.swift in Sources */,
				3B4EE5F8256147C00083798D /* Address.swift in Sources */,
			);
			runOnlyForDeploymentPostprocessing = 0;
		};
/* End PBXSourcesBuildPhase section */

/* Begin PBXVariantGroup section */
		3B4EE5E4256143490083798D /* Main.storyboard */ = {
			isa = PBXVariantGroup;
			children = (
				3B4EE5E5256143490083798D /* Base */,
			);
			name = Main.storyboard;
			sourceTree = "<group>";
		};
		3B4EE5E92561434B0083798D /* LaunchScreen.storyboard */ = {
			isa = PBXVariantGroup;
			children = (
				3B4EE5EA2561434B0083798D /* Base */,
			);
			name = LaunchScreen.storyboard;
			sourceTree = "<group>";
		};
/* End PBXVariantGroup section */

/* Begin XCBuildConfiguration section */
		3B4EE5ED2561434B0083798D /* Debug */ = {
			isa = XCBuildConfiguration;
			buildSettings = {
				ALWAYS_SEARCH_USER_PATHS = NO;
				CLANG_ANALYZER_NONNULL = YES;
				CLANG_ANALYZER_NUMBER_OBJECT_CONVERSION = YES_AGGRESSIVE;
				CLANG_CXX_LANGUAGE_STANDARD = "gnu++14";
				CLANG_CXX_LIBRARY = "libc++";
				CLANG_ENABLE_MODULES = YES;
				CLANG_ENABLE_OBJC_ARC = YES;
				CLANG_ENABLE_OBJC_WEAK = YES;
				CLANG_WARN_BLOCK_CAPTURE_AUTORELEASING = YES;
				CLANG_WARN_BOOL_CONVERSION = YES;
				CLANG_WARN_COMMA = YES;
				CLANG_WARN_CONSTANT_CONVERSION = YES;
				CLANG_WARN_DEPRECATED_OBJC_IMPLEMENTATIONS = YES;
				CLANG_WARN_DIRECT_OBJC_ISA_USAGE = YES_ERROR;
				CLANG_WARN_DOCUMENTATION_COMMENTS = YES;
				CLANG_WARN_EMPTY_BODY = YES;
				CLANG_WARN_ENUM_CONVERSION = YES;
				CLANG_WARN_INFINITE_RECURSION = YES;
				CLANG_WARN_INT_CONVERSION = YES;
				CLANG_WARN_NON_LITERAL_NULL_CONVERSION = YES;
				CLANG_WARN_OBJC_IMPLICIT_RETAIN_SELF = YES;
				CLANG_WARN_OBJC_LITERAL_CONVERSION = YES;
				CLANG_WARN_OBJC_ROOT_CLASS = YES_ERROR;
				CLANG_WARN_QUOTED_INCLUDE_IN_FRAMEWORK_HEADER = YES;
				CLANG_WARN_RANGE_LOOP_ANALYSIS = YES;
				CLANG_WARN_STRICT_PROTOTYPES = YES;
				CLANG_WARN_SUSPICIOUS_MOVE = YES;
				CLANG_WARN_UNGUARDED_AVAILABILITY = YES_AGGRESSIVE;
				CLANG_WARN_UNREACHABLE_CODE = YES;
				CLANG_WARN__DUPLICATE_METHOD_MATCH = YES;
				COPY_PHASE_STRIP = NO;
				DEBUG_INFORMATION_FORMAT = dwarf;
				ENABLE_STRICT_OBJC_MSGSEND = YES;
				ENABLE_TESTABILITY = YES;
				GCC_C_LANGUAGE_STANDARD = gnu11;
				GCC_DYNAMIC_NO_PIC = NO;
				GCC_NO_COMMON_BLOCKS = YES;
				GCC_OPTIMIZATION_LEVEL = 0;
				GCC_PREPROCESSOR_DEFINITIONS = (
					"DEBUG=1",
					"$(inherited)",
				);
				GCC_WARN_64_TO_32_BIT_CONVERSION = YES;
				GCC_WARN_ABOUT_RETURN_TYPE = YES_ERROR;
				GCC_WARN_UNDECLARED_SELECTOR = YES;
				GCC_WARN_UNINITIALIZED_AUTOS = YES_AGGRESSIVE;
				GCC_WARN_UNUSED_FUNCTION = YES;
				GCC_WARN_UNUSED_VARIABLE = YES;
				IPHONEOS_DEPLOYMENT_TARGET = 14.1;
				MTL_ENABLE_DEBUG_INFO = INCLUDE_SOURCE;
				MTL_FAST_MATH = YES;
				ONLY_ACTIVE_ARCH = YES;
				SDKROOT = iphoneos;
				SWIFT_ACTIVE_COMPILATION_CONDITIONS = DEBUG;
				SWIFT_OPTIMIZATION_LEVEL = "-Onone";
			};
			name = Debug;
		};
		3B4EE5EE2561434B0083798D /* Release */ = {
			isa = XCBuildConfiguration;
			buildSettings = {
				ALWAYS_SEARCH_USER_PATHS = NO;
				CLANG_ANALYZER_NONNULL = YES;
				CLANG_ANALYZER_NUMBER_OBJECT_CONVERSION = YES_AGGRESSIVE;
				CLANG_CXX_LANGUAGE_STANDARD = "gnu++14";
				CLANG_CXX_LIBRARY = "libc++";
				CLANG_ENABLE_MODULES = YES;
				CLANG_ENABLE_OBJC_ARC = YES;
				CLANG_ENABLE_OBJC_WEAK = YES;
				CLANG_WARN_BLOCK_CAPTURE_AUTORELEASING = YES;
				CLANG_WARN_BOOL_CONVERSION = YES;
				CLANG_WARN_COMMA = YES;
				CLANG_WARN_CONSTANT_CONVERSION = YES;
				CLANG_WARN_DEPRECATED_OBJC_IMPLEMENTATIONS = YES;
				CLANG_WARN_DIRECT_OBJC_ISA_USAGE = YES_ERROR;
				CLANG_WARN_DOCUMENTATION_COMMENTS = YES;
				CLANG_WARN_EMPTY_BODY = YES;
				CLANG_WARN_ENUM_CONVERSION = YES;
				CLANG_WARN_INFINITE_RECURSION = YES;
				CLANG_WARN_INT_CONVERSION = YES;
				CLANG_WARN_NON_LITERAL_NULL_CONVERSION = YES;
				CLANG_WARN_OBJC_IMPLICIT_RETAIN_SELF = YES;
				CLANG_WARN_OBJC_LITERAL_CONVERSION = YES;
				CLANG_WARN_OBJC_ROOT_CLASS = YES_ERROR;
				CLANG_WARN_QUOTED_INCLUDE_IN_FRAMEWORK_HEADER = YES;
				CLANG_WARN_RANGE_LOOP_ANALYSIS = YES;
				CLANG_WARN_STRICT_PROTOTYPES = YES;
				CLANG_WARN_SUSPICIOUS_MOVE = YES;
				CLANG_WARN_UNGUARDED_AVAILABILITY = YES_AGGRESSIVE;
				CLANG_WARN_UNREACHABLE_CODE = YES;
				CLANG_WARN__DUPLICATE_METHOD_MATCH = YES;
				COPY_PHASE_STRIP = NO;
				DEBUG_INFORMATION_FORMAT = "dwarf-with-dsym";
				ENABLE_NS_ASSERTIONS = NO;
				ENABLE_STRICT_OBJC_MSGSEND = YES;
				GCC_C_LANGUAGE_STANDARD = gnu11;
				GCC_NO_COMMON_BLOCKS = YES;
				GCC_WARN_64_TO_32_BIT_CONVERSION = YES;
				GCC_WARN_ABOUT_RETURN_TYPE = YES_ERROR;
				GCC_WARN_UNDECLARED_SELECTOR = YES;
				GCC_WARN_UNINITIALIZED_AUTOS = YES_AGGRESSIVE;
				GCC_WARN_UNUSED_FUNCTION = YES;
				GCC_WARN_UNUSED_VARIABLE = YES;
				IPHONEOS_DEPLOYMENT_TARGET = 14.1;
				MTL_ENABLE_DEBUG_INFO = NO;
				MTL_FAST_MATH = YES;
				SDKROOT = iphoneos;
				SWIFT_COMPILATION_MODE = wholemodule;
				SWIFT_OPTIMIZATION_LEVEL = "-O";
				VALIDATE_PRODUCT = YES;
			};
			name = Release;
		};
		3B4EE5F02561434B0083798D /* Debug */ = {
			isa = XCBuildConfiguration;
			baseConfigurationReference = 30154C810F9B313FE1526555 /* Pods-AddressApplication.debug.xcconfig */;
			buildSettings = {
				ASSETCATALOG_COMPILER_APPICON_NAME = AppIcon;
				ASSETCATALOG_COMPILER_GLOBAL_ACCENT_COLOR_NAME = AccentColor;
				CODE_SIGN_STYLE = Automatic;
				INFOPLIST_FILE = "AddressApplication/Supporting Files/Info.plist";
				LD_RUNPATH_SEARCH_PATHS = (
					"$(inherited)",
					"@executable_path/Frameworks",
				);
				PRODUCT_BUNDLE_IDENTIFIER = ru.dmitry.AddressApplication;
				PRODUCT_NAME = "$(TARGET_NAME)";
				SWIFT_VERSION = 5.0;
				TARGETED_DEVICE_FAMILY = "1,2";
			};
			name = Debug;
		};
		3B4EE5F12561434B0083798D /* Release */ = {
			isa = XCBuildConfiguration;
			baseConfigurationReference = 623C6B4C02F521186D64BFBC /* Pods-AddressApplication.release.xcconfig */;
			buildSettings = {
				ASSETCATALOG_COMPILER_APPICON_NAME = AppIcon;
				ASSETCATALOG_COMPILER_GLOBAL_ACCENT_COLOR_NAME = AccentColor;
				CODE_SIGN_STYLE = Automatic;
				INFOPLIST_FILE = "AddressApplication/Supporting Files/Info.plist";
				LD_RUNPATH_SEARCH_PATHS = (
					"$(inherited)",
					"@executable_path/Frameworks",
				);
				PRODUCT_BUNDLE_IDENTIFIER = ru.dmitry.AddressApplication;
				PRODUCT_NAME = "$(TARGET_NAME)";
				SWIFT_VERSION = 5.0;
				TARGETED_DEVICE_FAMILY = "1,2";
			};
			name = Release;
		};
/* End XCBuildConfiguration section */

/* Begin XCConfigurationList section */
		3B4EE5D6256143490083798D /* Build configuration list for PBXProject "AddressApplication" */ = {
			isa = XCConfigurationList;
			buildConfigurations = (
				3B4EE5ED2561434B0083798D /* Debug */,
				3B4EE5EE2561434B0083798D /* Release */,
			);
			defaultConfigurationIsVisible = 0;
			defaultConfigurationName = Release;
		};
		3B4EE5EF2561434B0083798D /* Build configuration list for PBXNativeTarget "AddressApplication" */ = {
			isa = XCConfigurationList;
			buildConfigurations = (
				3B4EE5F02561434B0083798D /* Debug */,
				3B4EE5F12561434B0083798D /* Release */,
			);
			defaultConfigurationIsVisible = 0;
			defaultConfigurationName = Release;
		};
/* End XCConfigurationList section */
	};
	rootObject = 3B4EE5D3256143490083798D /* Project object */;
}
